// !$*UTF8*$!
{
	archiveVersion = 1;
	classes = {
	};
	objectVersion = 56;
	objects = {

/* Begin PBXBuildFile section */
		BD20751B2C64D8D1008CACF5 /* interactiveUIApp.swift in Sources */ = {isa = PBXBuildFile; fileRef = BD20751A2C64D8D1008CACF5 /* interactiveUIApp.swift */; };
		BD20751D2C64D8D1008CACF5 /* ContentView.swift in Sources */ = {isa = PBXBuildFile; fileRef = BD20751C2C64D8D1008CACF5 /* ContentView.swift */; };
		BD20751F2C64D8D3008CACF5 /* Assets.xcassets in Resources */ = {isa = PBXBuildFile; fileRef = BD20751E2C64D8D3008CACF5 /* Assets.xcassets */; };
		BD2075222C64D8D3008CACF5 /* Preview Assets.xcassets in Resources */ = {isa = PBXBuildFile; fileRef = BD2075212C64D8D3008CACF5 /* Preview Assets.xcassets */; };
		BD20752C2C64D8D3008CACF5 /* interactiveUITests.swift in Sources */ = {isa = PBXBuildFile; fileRef = BD20752B2C64D8D3008CACF5 /* interactiveUITests.swift */; };
		BD2075362C64D8D3008CACF5 /* interactiveUIUITests.swift in Sources */ = {isa = PBXBuildFile; fileRef = BD2075352C64D8D3008CACF5 /* interactiveUIUITests.swift */; };
		BD2075382C64D8D3008CACF5 /* interactiveUIUITestsLaunchTests.swift in Sources */ = {isa = PBXBuildFile; fileRef = BD2075372C64D8D3008CACF5 /* interactiveUIUITestsLaunchTests.swift */; };
/* End PBXBuildFile section */

/* Begin PBXContainerItemProxy section */
		BD2075282C64D8D3008CACF5 /* PBXContainerItemProxy */ = {
			isa = PBXContainerItemProxy;
			containerPortal = BD20750F2C64D8D1008CACF5 /* Project object */;
			proxyType = 1;
			remoteGlobalIDString = BD2075162C64D8D1008CACF5;
			remoteInfo = interactiveUI;
		};
		BD2075322C64D8D3008CACF5 /* PBXContainerItemProxy */ = {
			isa = PBXContainerItemProxy;
			containerPortal = BD20750F2C64D8D1008CACF5 /* Project object */;
			proxyType = 1;
			remoteGlobalIDString = BD2075162C64D8D1008CACF5;
			remoteInfo = interactiveUI;
		};
/* End PBXContainerItemProxy section */

/* Begin PBXFileReference section */
		BD2075172C64D8D1008CACF5 /* interactiveUI.app */ = {isa = PBXFileReference; explicitFileType = wrapper.application; includeInIndex = 0; path = interactiveUI.app; sourceTree = BUILT_PRODUCTS_DIR; };
		BD20751A2C64D8D1008CACF5 /* interactiveUIApp.swift */ = {isa = PBXFileReference; lastKnownFileType = sourcecode.swift; path = interactiveUIApp.swift; sourceTree = "<group>"; };
		BD20751C2C64D8D1008CACF5 /* ContentView.swift */ = {isa = PBXFileReference; lastKnownFileType = sourcecode.swift; path = ContentView.swift; sourceTree = "<group>"; };
		BD20751E2C64D8D3008CACF5 /* Assets.xcassets */ = {isa = PBXFileReference; lastKnownFileType = folder.assetcatalog; path = Assets.xcassets; sourceTree = "<group>"; };
		BD2075212C64D8D3008CACF5 /* Preview Assets.xcassets */ = {isa = PBXFileReference; lastKnownFileType = folder.assetcatalog; path = "Preview Assets.xcassets"; sourceTree = "<group>"; };
		BD2075272C64D8D3008CACF5 /* interactiveUITests.xctest */ = {isa = PBXFileReference; explicitFileType = wrapper.cfbundle; includeInIndex = 0; path = interactiveUITests.xctest; sourceTree = BUILT_PRODUCTS_DIR; };
		BD20752B2C64D8D3008CACF5 /* interactiveUITests.swift */ = {isa = PBXFileReference; lastKnownFileType = sourcecode.swift; path = interactiveUITests.swift; sourceTree = "<group>"; };
		BD2075312C64D8D3008CACF5 /* interactiveUIUITests.xctest */ = {isa = PBXFileReference; explicitFileType = wrapper.cfbundle; includeInIndex = 0; path = interactiveUIUITests.xctest; sourceTree = BUILT_PRODUCTS_DIR; };
		BD2075352C64D8D3008CACF5 /* interactiveUIUITests.swift */ = {isa = PBXFileReference; lastKnownFileType = sourcecode.swift; path = interactiveUIUITests.swift; sourceTree = "<group>"; };
		BD2075372C64D8D3008CACF5 /* interactiveUIUITestsLaunchTests.swift */ = {isa = PBXFileReference; lastKnownFileType = sourcecode.swift; path = interactiveUIUITestsLaunchTests.swift; sourceTree = "<group>"; };
/* End PBXFileReference section */

/* Begin PBXFrameworksBuildPhase section */
		BD2075142C64D8D1008CACF5 /* Frameworks */ = {
			isa = PBXFrameworksBuildPhase;
			buildActionMask = 2147483647;
			files = (
			);
			runOnlyForDeploymentPostprocessing = 0;
		};
		BD2075242C64D8D3008CACF5 /* Frameworks */ = {
			isa = PBXFrameworksBuildPhase;
			buildActionMask = 2147483647;
			files = (
			);
			runOnlyForDeploymentPostprocessing = 0;
		};
		BD20752E2C64D8D3008CACF5 /* Frameworks */ = {
			isa = PBXFrameworksBuildPhase;
			buildActionMask = 2147483647;
			files = (
			);
			runOnlyForDeploymentPostprocessing = 0;
		};
/* End PBXFrameworksBuildPhase section */

/* Begin PBXGroup section */
		BD20750E2C64D8D1008CACF5 = {
			isa = PBXGroup;
			children = (
				BD2075192C64D8D1008CACF5 /* interactiveUI */,
				BD20752A2C64D8D3008CACF5 /* interactiveUITests */,
				BD2075342C64D8D3008CACF5 /* interactiveUIUITests */,
				BD2075182C64D8D1008CACF5 /* Products */,
			);
			sourceTree = "<group>";
		};
		BD2075182C64D8D1008CACF5 /* Products */ = {
			isa = PBXGroup;
			children = (
				BD2075172C64D8D1008CACF5 /* interactiveUI.app */,
				BD2075272C64D8D3008CACF5 /* interactiveUITests.xctest */,
				BD2075312C64D8D3008CACF5 /* interactiveUIUITests.xctest */,
			);
			name = Products;
			sourceTree = "<group>";
		};
		BD2075192C64D8D1008CACF5 /* interactiveUI */ = {
			isa = PBXGroup;
			children = (
				BD20751A2C64D8D1008CACF5 /* interactiveUIApp.swift */,
				BD20751C2C64D8D1008CACF5 /* ContentView.swift */,
				BD20751E2C64D8D3008CACF5 /* Assets.xcassets */,
				BD2075202C64D8D3008CACF5 /* Preview Content */,
			);
			path = interactiveUI;
			sourceTree = "<group>";
		};
		BD2075202C64D8D3008CACF5 /* Preview Content */ = {
			isa = PBXGroup;
			children = (
				BD2075212C64D8D3008CACF5 /* Preview Assets.xcassets */,
			);
			path = "Preview Content";
			sourceTree = "<group>";
		};
		BD20752A2C64D8D3008CACF5 /* interactiveUITests */ = {
			isa = PBXGroup;
			children = (
				BD20752B2C64D8D3008CACF5 /* interactiveUITests.swift */,
			);
			path = interactiveUITests;
			sourceTree = "<group>";
		};
		BD2075342C64D8D3008CACF5 /* interactiveUIUITests */ = {
			isa = PBXGroup;
			children = (
				BD2075352C64D8D3008CACF5 /* interactiveUIUITests.swift */,
				BD2075372C64D8D3008CACF5 /* interactiveUIUITestsLaunchTests.swift */,
			);
			path = interactiveUIUITests;
			sourceTree = "<group>";
		};
/* End PBXGroup section */

/* Begin PBXNativeTarget section */
		BD2075162C64D8D1008CACF5 /* interactiveUI */ = {
			isa = PBXNativeTarget;
			buildConfigurationList = BD20753B2C64D8D3008CACF5 /* Build configuration list for PBXNativeTarget "interactiveUI" */;
			buildPhases = (
				BD2075132C64D8D1008CACF5 /* Sources */,
				BD2075142C64D8D1008CACF5 /* Frameworks */,
				BD2075152C64D8D1008CACF5 /* Resources */,
			);
			buildRules = (
			);
			dependencies = (
			);
			name = interactiveUI;
			productName = interactiveUI;
			productReference = BD2075172C64D8D1008CACF5 /* interactiveUI.app */;
			productType = "com.apple.product-type.application";
		};
		BD2075262C64D8D3008CACF5 /* interactiveUITests */ = {
			isa = PBXNativeTarget;
			buildConfigurationList = BD20753E2C64D8D3008CACF5 /* Build configuration list for PBXNativeTarget "interactiveUITests" */;
			buildPhases = (
				BD2075232C64D8D3008CACF5 /* Sources */,
				BD2075242C64D8D3008CACF5 /* Frameworks */,
				BD2075252C64D8D3008CACF5 /* Resources */,
			);
			buildRules = (
			);
			dependencies = (
				BD2075292C64D8D3008CACF5 /* PBXTargetDependency */,
			);
			name = interactiveUITests;
			productName = interactiveUITests;
			productReference = BD2075272C64D8D3008CACF5 /* interactiveUITests.xctest */;
			productType = "com.apple.product-type.bundle.unit-test";
		};
		BD2075302C64D8D3008CACF5 /* interactiveUIUITests */ = {
			isa = PBXNativeTarget;
			buildConfigurationList = BD2075412C64D8D3008CACF5 /* Build configuration list for PBXNativeTarget "interactiveUIUITests" */;
			buildPhases = (
				BD20752D2C64D8D3008CACF5 /* Sources */,
				BD20752E2C64D8D3008CACF5 /* Frameworks */,
				BD20752F2C64D8D3008CACF5 /* Resources */,
			);
			buildRules = (
			);
			dependencies = (
				BD2075332C64D8D3008CACF5 /* PBXTargetDependency */,
			);
			name = interactiveUIUITests;
			productName = interactiveUIUITests;
			productReference = BD2075312C64D8D3008CACF5 /* interactiveUIUITests.xctest */;
			productType = "com.apple.product-type.bundle.ui-testing";
		};
/* End PBXNativeTarget section */

/* Begin PBXProject section */
		BD20750F2C64D8D1008CACF5 /* Project object */ = {
			isa = PBXProject;
			attributes = {
				BuildIndependentTargetsInParallel = 1;
				LastSwiftUpdateCheck = 1540;
				LastUpgradeCheck = 1540;
				TargetAttributes = {
					BD2075162C64D8D1008CACF5 = {
						CreatedOnToolsVersion = 15.4;
					};
					BD2075262C64D8D3008CACF5 = {
						CreatedOnToolsVersion = 15.4;
						TestTargetID = BD2075162C64D8D1008CACF5;
					};
					BD2075302C64D8D3008CACF5 = {
						CreatedOnToolsVersion = 15.4;
						TestTargetID = BD2075162C64D8D1008CACF5;
					};
				};
			};
			buildConfigurationList = BD2075122C64D8D1008CACF5 /* Build configuration list for PBXProject "interactiveUI" */;
			compatibilityVersion = "Xcode 14.0";
			developmentRegion = en;
			hasScannedForEncodings = 0;
			knownRegions = (
				en,
				Base,
			);
			mainGroup = BD20750E2C64D8D1008CACF5;
			productRefGroup = BD2075182C64D8D1008CACF5 /* Products */;
			projectDirPath = "";
			projectRoot = "";
			targets = (
				BD2075162C64D8D1008CACF5 /* interactiveUI */,
				BD2075262C64D8D3008CACF5 /* interactiveUITests */,
				BD2075302C64D8D3008CACF5 /* interactiveUIUITests */,
			);
		};
/* End PBXProject section */

/* Begin PBXResourcesBuildPhase section */
		BD2075152C64D8D1008CACF5 /* Resources */ = {
			isa = PBXResourcesBuildPhase;
			buildActionMask = 2147483647;
			files = (
				BD2075222C64D8D3008CACF5 /* Preview Assets.xcassets in Resources */,
				BD20751F2C64D8D3008CACF5 /* Assets.xcassets in Resources */,
			);
			runOnlyForDeploymentPostprocessing = 0;
		};
		BD2075252C64D8D3008CACF5 /* Resources */ = {
			isa = PBXResourcesBuildPhase;
			buildActionMask = 2147483647;
			files = (
			);
			runOnlyForDeploymentPostprocessing = 0;
		};
		BD20752F2C64D8D3008CACF5 /* Resources */ = {
			isa = PBXResourcesBuildPhase;
			buildActionMask = 2147483647;
			files = (
			);
			runOnlyForDeploymentPostprocessing = 0;
		};
/* End PBXResourcesBuildPhase section */

/* Begin PBXSourcesBuildPhase section */
		BD2075132C64D8D1008CACF5 /* Sources */ = {
			isa = PBXSourcesBuildPhase;
			buildActionMask = 2147483647;
			files = (
				BD20751D2C64D8D1008CACF5 /* ContentView.swift in Sources */,
				BD20751B2C64D8D1008CACF5 /* interactiveUIApp.swift in Sources */,
			);
			runOnlyForDeploymentPostprocessing = 0;
		};
		BD2075232C64D8D3008CACF5 /* Sources */ = {
			isa = PBXSourcesBuildPhase;
			buildActionMask = 2147483647;
			files = (
				BD20752C2C64D8D3008CACF5 /* interactiveUITests.swift in Sources */,
			);
			runOnlyForDeploymentPostprocessing = 0;
		};
		BD20752D2C64D8D3008CACF5 /* Sources */ = {
			isa = PBXSourcesBuildPhase;
			buildActionMask = 2147483647;
			files = (
				BD2075362C64D8D3008CACF5 /* interactiveUIUITests.swift in Sources */,
				BD2075382C64D8D3008CACF5 /* interactiveUIUITestsLaunchTests.swift in Sources */,
			);
			runOnlyForDeploymentPostprocessing = 0;
		};
/* End PBXSourcesBuildPhase section */

/* Begin PBXTargetDependency section */
		BD2075292C64D8D3008CACF5 /* PBXTargetDependency */ = {
			isa = PBXTargetDependency;
			target = BD2075162C64D8D1008CACF5 /* interactiveUI */;
			targetProxy = BD2075282C64D8D3008CACF5 /* PBXContainerItemProxy */;
		};
		BD2075332C64D8D3008CACF5 /* PBXTargetDependency */ = {
			isa = PBXTargetDependency;
			target = BD2075162C64D8D1008CACF5 /* interactiveUI */;
			targetProxy = BD2075322C64D8D3008CACF5 /* PBXContainerItemProxy */;
		};
/* End PBXTargetDependency section */

/* Begin XCBuildConfiguration section */
		BD2075392C64D8D3008CACF5 /* Debug */ = {
			isa = XCBuildConfiguration;
			buildSettings = {
				ALWAYS_SEARCH_USER_PATHS = NO;
				ASSETCATALOG_COMPILER_GENERATE_SWIFT_ASSET_SYMBOL_EXTENSIONS = YES;
				CLANG_ANALYZER_NONNULL = YES;
				CLANG_ANALYZER_NUMBER_OBJECT_CONVERSION = YES_AGGRESSIVE;
				CLANG_CXX_LANGUAGE_STANDARD = "gnu++20";
				CLANG_ENABLE_MODULES = YES;
				CLANG_ENABLE_OBJC_ARC = YES;
				CLANG_ENABLE_OBJC_WEAK = YES;
				CLANG_WARN_BLOCK_CAPTURE_AUTORELEASING = YES;
				CLANG_WARN_BOOL_CONVERSION = YES;
				CLANG_WARN_COMMA = YES;
				CLANG_WARN_CONSTANT_CONVERSION = YES;
				CLANG_WARN_DEPRECATED_OBJC_IMPLEMENTATIONS = YES;
				CLANG_WARN_DIRECT_OBJC_ISA_USAGE = YES_ERROR;
				CLANG_WARN_DOCUMENTATION_COMMENTS = YES;
				CLANG_WARN_EMPTY_BODY = YES;
				CLANG_WARN_ENUM_CONVERSION = YES;
				CLANG_WARN_INFINITE_RECURSION = YES;
				CLANG_WARN_INT_CONVERSION = YES;
				CLANG_WARN_NON_LITERAL_NULL_CONVERSION = YES;
				CLANG_WARN_OBJC_IMPLICIT_RETAIN_SELF = YES;
				CLANG_WARN_OBJC_LITERAL_CONVERSION = YES;
				CLANG_WARN_OBJC_ROOT_CLASS = YES_ERROR;
				CLANG_WARN_QUOTED_INCLUDE_IN_FRAMEWORK_HEADER = YES;
				CLANG_WARN_RANGE_LOOP_ANALYSIS = YES;
				CLANG_WARN_STRICT_PROTOTYPES = YES;
				CLANG_WARN_SUSPICIOUS_MOVE = YES;
				CLANG_WARN_UNGUARDED_AVAILABILITY = YES_AGGRESSIVE;
				CLANG_WARN_UNREACHABLE_CODE = YES;
				CLANG_WARN__DUPLICATE_METHOD_MATCH = YES;
				COPY_PHASE_STRIP = NO;
				DEBUG_INFORMATION_FORMAT = dwarf;
				ENABLE_STRICT_OBJC_MSGSEND = YES;
				ENABLE_TESTABILITY = YES;
				ENABLE_USER_SCRIPT_SANDBOXING = YES;
				GCC_C_LANGUAGE_STANDARD = gnu17;
				GCC_DYNAMIC_NO_PIC = NO;
				GCC_NO_COMMON_BLOCKS = YES;
				GCC_OPTIMIZATION_LEVEL = 0;
				GCC_PREPROCESSOR_DEFINITIONS = (
					"DEBUG=1",
					"$(inherited)",
				);
				GCC_WARN_64_TO_32_BIT_CONVERSION = YES;
				GCC_WARN_ABOUT_RETURN_TYPE = YES_ERROR;
				GCC_WARN_UNDECLARED_SELECTOR = YES;
				GCC_WARN_UNINITIALIZED_AUTOS = YES_AGGRESSIVE;
				GCC_WARN_UNUSED_FUNCTION = YES;
				GCC_WARN_UNUSED_VARIABLE = YES;
				IPHONEOS_DEPLOYMENT_TARGET = 17.5;
				LOCALIZATION_PREFERS_STRING_CATALOGS = YES;
				MTL_ENABLE_DEBUG_INFO = INCLUDE_SOURCE;
				MTL_FAST_MATH = YES;
				ONLY_ACTIVE_ARCH = YES;
				SDKROOT = iphoneos;
				SWIFT_ACTIVE_COMPILATION_CONDITIONS = "DEBUG $(inherited)";
				SWIFT_OPTIMIZATION_LEVEL = "-Onone";
			};
			name = Debug;
		};
		BD20753A2C64D8D3008CACF5 /* Release */ = {
			isa = XCBuildConfiguration;
			buildSettings = {
				ALWAYS_SEARCH_USER_PATHS = NO;
				ASSETCATALOG_COMPILER_GENERATE_SWIFT_ASSET_SYMBOL_EXTENSIONS = YES;
				CLANG_ANALYZER_NONNULL = YES;
				CLANG_ANALYZER_NUMBER_OBJECT_CONVERSION = YES_AGGRESSIVE;
				CLANG_CXX_LANGUAGE_STANDARD = "gnu++20";
				CLANG_ENABLE_MODULES = YES;
				CLANG_ENABLE_OBJC_ARC = YES;
				CLANG_ENABLE_OBJC_WEAK = YES;
				CLANG_WARN_BLOCK_CAPTURE_AUTORELEASING = YES;
				CLANG_WARN_BOOL_CONVERSION = YES;
				CLANG_WARN_COMMA = YES;
				CLANG_WARN_CONSTANT_CONVERSION = YES;
				CLANG_WARN_DEPRECATED_OBJC_IMPLEMENTATIONS = YES;
				CLANG_WARN_DIRECT_OBJC_ISA_USAGE = YES_ERROR;
				CLANG_WARN_DOCUMENTATION_COMMENTS = YES;
				CLANG_WARN_EMPTY_BODY = YES;
				CLANG_WARN_ENUM_CONVERSION = YES;
				CLANG_WARN_INFINITE_RECURSION = YES;
				CLANG_WARN_INT_CONVERSION = YES;
				CLANG_WARN_NON_LITERAL_NULL_CONVERSION = YES;
				CLANG_WARN_OBJC_IMPLICIT_RETAIN_SELF = YES;
				CLANG_WARN_OBJC_LITERAL_CONVERSION = YES;
				CLANG_WARN_OBJC_ROOT_CLASS = YES_ERROR;
				CLANG_WARN_QUOTED_INCLUDE_IN_FRAMEWORK_HEADER = YES;
				CLANG_WARN_RANGE_LOOP_ANALYSIS = YES;
				CLANG_WARN_STRICT_PROTOTYPES = YES;
				CLANG_WARN_SUSPICIOUS_MOVE = YES;
				CLANG_WARN_UNGUARDED_AVAILABILITY = YES_AGGRESSIVE;
				CLANG_WARN_UNREACHABLE_CODE = YES;
				CLANG_WARN__DUPLICATE_METHOD_MATCH = YES;
				COPY_PHASE_STRIP = NO;
				DEBUG_INFORMATION_FORMAT = "dwarf-with-dsym";
				ENABLE_NS_ASSERTIONS = NO;
				ENABLE_STRICT_OBJC_MSGSEND = YES;
				ENABLE_USER_SCRIPT_SANDBOXING = YES;
				GCC_C_LANGUAGE_STANDARD = gnu17;
				GCC_NO_COMMON_BLOCKS = YES;
				GCC_WARN_64_TO_32_BIT_CONVERSION = YES;
				GCC_WARN_ABOUT_RETURN_TYPE = YES_ERROR;
				GCC_WARN_UNDECLARED_SELECTOR = YES;
				GCC_WARN_UNINITIALIZED_AUTOS = YES_AGGRESSIVE;
				GCC_WARN_UNUSED_FUNCTION = YES;
				GCC_WARN_UNUSED_VARIABLE = YES;
				IPHONEOS_DEPLOYMENT_TARGET = 17.5;
				LOCALIZATION_PREFERS_STRING_CATALOGS = YES;
				MTL_ENABLE_DEBUG_INFO = NO;
				MTL_FAST_MATH = YES;
				SDKROOT = iphoneos;
				SWIFT_COMPILATION_MODE = wholemodule;
				VALIDATE_PRODUCT = YES;
			};
			name = Release;
		};
		BD20753C2C64D8D3008CACF5 /* Debug */ = {
			isa = XCBuildConfiguration;
			buildSettings = {
				ASSETCATALOG_COMPILER_APPICON_NAME = AppIcon;
				ASSETCATALOG_COMPILER_GLOBAL_ACCENT_COLOR_NAME = AccentColor;
				CODE_SIGN_STYLE = Automatic;
				CURRENT_PROJECT_VERSION = 1;
				DEVELOPMENT_ASSET_PATHS = "\"interactiveUI/Preview Content\"";
				ENABLE_PREVIEWS = YES;
				GENERATE_INFOPLIST_FILE = YES;
				INFOPLIST_KEY_UIApplicationSceneManifest_Generation = YES;
				INFOPLIST_KEY_UIApplicationSupportsIndirectInputEvents = YES;
				INFOPLIST_KEY_UILaunchScreen_Generation = YES;
				INFOPLIST_KEY_UISupportedInterfaceOrientations_iPad = "UIInterfaceOrientationPortrait UIInterfaceOrientationPortraitUpsideDown UIInterfaceOrientationLandscapeLeft UIInterfaceOrientationLandscapeRight";
				INFOPLIST_KEY_UISupportedInterfaceOrientations_iPhone = "UIInterfaceOrientationPortrait UIInterfaceOrientationLandscapeLeft UIInterfaceOrientationLandscapeRight";
				LD_RUNPATH_SEARCH_PATHS = (
					"$(inherited)",
					"@executable_path/Frameworks",
				);
				MARKETING_VERSION = 1.0;
				PRODUCT_BUNDLE_IDENTIFIER = kwk.interactiveUI;
				PRODUCT_NAME = "$(TARGET_NAME)";
				SWIFT_EMIT_LOC_STRINGS = YES;
				SWIFT_VERSION = 5.0;
				TARGETED_DEVICE_FAMILY = "1,2";
			};
			name = Debug;
		};
		BD20753D2C64D8D3008CACF5 /* Release */ = {
			isa = XCBuildConfiguration;
			buildSettings = {
				ASSETCATALOG_COMPILER_APPICON_NAME = AppIcon;
				ASSETCATALOG_COMPILER_GLOBAL_ACCENT_COLOR_NAME = AccentColor;
				CODE_SIGN_STYLE = Automatic;
				CURRENT_PROJECT_VERSION = 1;
				DEVELOPMENT_ASSET_PATHS = "\"interactiveUI/Preview Content\"";
				ENABLE_PREVIEWS = YES;
				GENERATE_INFOPLIST_FILE = YES;
				INFOPLIST_KEY_UIApplicationSceneManifest_Generation = YES;
				INFOPLIST_KEY_UIApplicationSupportsIndirectInputEvents = YES;
				INFOPLIST_KEY_UILaunchScreen_Generation = YES;
				INFOPLIST_KEY_UISupportedInterfaceOrientations_iPad = "UIInterfaceOrientationPortrait UIInterfaceOrientationPortraitUpsideDown UIInterfaceOrientationLandscapeLeft UIInterfaceOrientationLandscapeRight";
				INFOPLIST_KEY_UISupportedInterfaceOrientations_iPhone = "UIInterfaceOrientationPortrait UIInterfaceOrientationLandscapeLeft UIInterfaceOrientationLandscapeRight";
				LD_RUNPATH_SEARCH_PATHS = (
					"$(inherited)",
					"@executable_path/Frameworks",
				);
				MARKETING_VERSION = 1.0;
				PRODUCT_BUNDLE_IDENTIFIER = kwk.interactiveUI;
				PRODUCT_NAME = "$(TARGET_NAME)";
				SWIFT_EMIT_LOC_STRINGS = YES;
				SWIFT_VERSION = 5.0;
				TARGETED_DEVICE_FAMILY = "1,2";
			};
			name = Release;
		};
		BD20753F2C64D8D3008CACF5 /* Debug */ = {
			isa = XCBuildConfiguration;
			buildSettings = {
				ALWAYS_EMBED_SWIFT_STANDARD_LIBRARIES = YES;
				BUNDLE_LOADER = "$(TEST_HOST)";
				CODE_SIGN_STYLE = Automatic;
				CURRENT_PROJECT_VERSION = 1;
				GENERATE_INFOPLIST_FILE = YES;
				IPHONEOS_DEPLOYMENT_TARGET = 17.5;
				MARKETING_VERSION = 1.0;
				PRODUCT_BUNDLE_IDENTIFIER = kwk.interactiveUITests;
				PRODUCT_NAME = "$(TARGET_NAME)";
				SWIFT_EMIT_LOC_STRINGS = NO;
				SWIFT_VERSION = 5.0;
				TARGETED_DEVICE_FAMILY = "1,2";
				TEST_HOST = "$(BUILT_PRODUCTS_DIR)/interactiveUI.app/$(BUNDLE_EXECUTABLE_FOLDER_PATH)/interactiveUI";
			};
			name = Debug;
		};
		BD2075402C64D8D3008CACF5 /* Release */ = {
			isa = XCBuildConfiguration;
			buildSettings = {
				ALWAYS_EMBED_SWIFT_STANDARD_LIBRARIES = YES;
				BUNDLE_LOADER = "$(TEST_HOST)";
				CODE_SIGN_STYLE = Automatic;
				CURRENT_PROJECT_VERSION = 1;
				GENERATE_INFOPLIST_FILE = YES;
				IPHONEOS_DEPLOYMENT_TARGET = 17.5;
				MARKETING_VERSION = 1.0;
				PRODUCT_BUNDLE_IDENTIFIER = kwk.interactiveUITests;
				PRODUCT_NAME = "$(TARGET_NAME)";
				SWIFT_EMIT_LOC_STRINGS = NO;
				SWIFT_VERSION = 5.0;
				TARGETED_DEVICE_FAMILY = "1,2";
				TEST_HOST = "$(BUILT_PRODUCTS_DIR)/interactiveUI.app/$(BUNDLE_EXECUTABLE_FOLDER_PATH)/interactiveUI";
			};
			name = Release;
		};
		BD2075422C64D8D3008CACF5 /* Debug */ = {
			isa = XCBuildConfiguration;
			buildSettings = {
				ALWAYS_EMBED_SWIFT_STANDARD_LIBRARIES = YES;
				CODE_SIGN_STYLE = Automatic;
				CURRENT_PROJECT_VERSION = 1;
				GENERATE_INFOPLIST_FILE = YES;
				MARKETING_VERSION = 1.0;
				PRODUCT_BUNDLE_IDENTIFIER = kwk.interactiveUIUITests;
				PRODUCT_NAME = "$(TARGET_NAME)";
				SWIFT_EMIT_LOC_STRINGS = NO;
				SWIFT_VERSION = 5.0;
				TARGETED_DEVICE_FAMILY = "1,2";
				TEST_TARGET_NAME = interactiveUI;
			};
			name = Debug;
		};
		BD2075432C64D8D3008CACF5 /* Release */ = {
			isa = XCBuildConfiguration;
			buildSettings = {
				ALWAYS_EMBED_SWIFT_STANDARD_LIBRARIES = YES;
				CODE_SIGN_STYLE = Automatic;
				CURRENT_PROJECT_VERSION = 1;
				GENERATE_INFOPLIST_FILE = YES;
				MARKETING_VERSION = 1.0;
				PRODUCT_BUNDLE_IDENTIFIER = kwk.interactiveUIUITests;
				PRODUCT_NAME = "$(TARGET_NAME)";
				SWIFT_EMIT_LOC_STRINGS = NO;
				SWIFT_VERSION = 5.0;
				TARGETED_DEVICE_FAMILY = "1,2";
				TEST_TARGET_NAME = interactiveUI;
			};
			name = Release;
		};
/* End XCBuildConfiguration section */

/* Begin XCConfigurationList section */
		BD2075122C64D8D1008CACF5 /* Build configuration list for PBXProject "interactiveUI" */ = {
			isa = XCConfigurationList;
			buildConfigurations = (
				BD2075392C64D8D3008CACF5 /* Debug */,
				BD20753A2C64D8D3008CACF5 /* Release */,
			);
			defaultConfigurationIsVisible = 0;
			defaultConfigurationName = Release;
		};
		BD20753B2C64D8D3008CACF5 /* Build configuration list for PBXNativeTarget "interactiveUI" */ = {
			isa = XCConfigurationList;
			buildConfigurations = (
				BD20753C2C64D8D3008CACF5 /* Debug */,
				BD20753D2C64D8D3008CACF5 /* Release */,
			);
			defaultConfigurationIsVisible = 0;
			defaultConfigurationName = Release;
		};
		BD20753E2C64D8D3008CACF5 /* Build configuration list for PBXNativeTarget "interactiveUITests" */ = {
			isa = XCConfigurationList;
			buildConfigurations = (
				BD20753F2C64D8D3008CACF5 /* Debug */,
				BD2075402C64D8D3008CACF5 /* Release */,
			);
			defaultConfigurationIsVisible = 0;
			defaultConfigurationName = Release;
		};
		BD2075412C64D8D3008CACF5 /* Build configuration list for PBXNativeTarget "interactiveUIUITests" */ = {
			isa = XCConfigurationList;
			buildConfigurations = (
				BD2075422C64D8D3008CACF5 /* Debug */,
				BD2075432C64D8D3008CACF5 /* Release */,
			);
			defaultConfigurationIsVisible = 0;
			defaultConfigurationName = Release;
		};
/* End XCConfigurationList section */
	};
	rootObject = BD20750F2C64D8D1008CACF5 /* Project object */;
}
